
Microsoft Visual Studio Solution File, Format Version 12.00
Project("{2150E333-8FDC-42A3-9474-1A3956D46DE8}") = "Build", "Build", "{41F05F1F-A8E7-410E-B0E8-A97EA04BCCF8}"
	ProjectSection(SolutionItems) = preProject
		Directory.Build.props = Directory.Build.props
		Directory.Packages.props = Directory.Packages.props
	EndProjectSection
EndProject
Project("{2150E333-8FDC-42A3-9474-1A3956D46DE8}") = "Shared", "Shared", "{93D4ED82-D555-49A5-A50E-2C938B19426B}"
EndProject
Project("{2150E333-8FDC-42A3-9474-1A3956D46DE8}") = "Modules", "Modules", "{82CC0875-2C69-446B-B629-EA21DBF891E8}"
EndProject
Project("{FAE04EC0-301F-11D3-BF4B-00C04F79EFBC}") = "Api", "Api\Api.csproj", "{4E5B1B01-E1F9-45F9-8631-26CDB45C5122}"
EndProject
Project("{2150E333-8FDC-42A3-9474-1A3956D46DE8}") = "LinkModule", "LinkModule", "{7C38FEAB-B80C-411F-8755-04A60D8B0F04}"
EndProject
Project("{FAE04EC0-301F-11D3-BF4B-00C04F79EFBC}") = "LinkModule.Domain", "Modules\LinkModule\LinkModule.Domain\LinkModule.Domain.csproj", "{5F5C5FDC-CDDD-4B84-B515-4C49244D6517}"
EndProject
Project("{FAE04EC0-301F-11D3-BF4B-00C04F79EFBC}") = "LinkModule.Application", "Modules\LinkModule\LinkModule.Application\LinkModule.Application.csproj", "{EBA5B5FB-0263-4569-B703-2604E3687A22}"
EndProject
Project("{FAE04EC0-301F-11D3-BF4B-00C04F79EFBC}") = "LinkModule.Api", "Modules\LinkModule\LinkModule.Api\LinkModule.Api.csproj", "{44C5170A-0A59-4A4F-BA5E-FA391149E7A4}"
EndProject
Project("{FAE04EC0-301F-11D3-BF4B-00C04F79EFBC}") = "LinkModule.Infrastructure", "Modules\LinkModule\LinkModule.Infrastructure\LinkModule.Infrastructure.csproj", "{47B91F46-453F-40BB-8E83-0BA759D869D0}"
EndProject
Project("{FAE04EC0-301F-11D3-BF4B-00C04F79EFBC}") = "Shared.Application", "Shared\Shared.Application\Shared.Application.csproj", "{5B6ABCD0-6E25-4BDF-A37B-17A2773C7A9C}"
EndProject
Project("{FAE04EC0-301F-11D3-BF4B-00C04F79EFBC}") = "LinkModule.Contracts", "Modules\LinkModule\LinkModule.Contracts\LinkModule.Contracts.csproj", "{202E300B-CFF1-4DD3-8E93-1071249C064A}"
EndProject
Project("{FAE04EC0-301F-11D3-BF4B-00C04F79EFBC}") = "Shared.Infrastructure", "Shared\Shared.Infrastructure\Shared.Infrastructure.csproj", "{6826503A-3D60-49B0-898E-803E6AA042B4}"
EndProject
Project("{FAE04EC0-301F-11D3-BF4B-00C04F79EFBC}") = "Shared.Api", "Shared\Shared.Api\Shared.Api.csproj", "{809447E0-96AB-4446-B579-4EE5D4201FA4}"
EndProject
Project("{FAE04EC0-301F-11D3-BF4B-00C04F79EFBC}") = "Shared.Domain", "Shared\Shared.Domain\Shared.Domain.csproj", "{DC8AC9B6-75E5-4714-A6C0-811716CC8CF0}"
EndProject
Project("{FAE04EC0-301F-11D3-BF4B-00C04F79EFBC}") = "LinkModule.Persistence", "Modules\LinkModule\LinkModule.Persistence\LinkModule.Persistence.csproj", "{4C563773-A822-4945-91FC-77CBBFA19354}"
EndProject
Project("{FAE04EC0-301F-11D3-BF4B-00C04F79EFBC}") = "Shared.Persistence", "Shared\Shared.Persistence\Shared.Persistence.csproj", "{8E397EE5-2D82-465B-8F2A-E9E6EE7CF9D9}"
EndProject
Project("{2150E333-8FDC-42A3-9474-1A3956D46DE8}") = "AnalyticModule", "AnalyticModule", "{EE1BCC9A-FFF0-4499-9476-1BCE6AEE75B2}"
EndProject
Project("{FAE04EC0-301F-11D3-BF4B-00C04F79EFBC}") = "AnalyticModule.Api", "Modules\AnalyticModule\AnalyticModule.Api\AnalyticModule.Api.csproj", "{F7641F71-3D56-449E-BD8D-2A4E4332A43A}"
EndProject
Project("{FAE04EC0-301F-11D3-BF4B-00C04F79EFBC}") = "AnalyticModule.Domain", "Modules\AnalyticModule\AnalyticModule.Domain\AnalyticModule.Domain.csproj", "{D4D32E9A-DD69-4C8F-8E7E-AC1839BE3C44}"
EndProject
Project("{FAE04EC0-301F-11D3-BF4B-00C04F79EFBC}") = "AnalyticModule.Application", "Modules\AnalyticModule\AnalyticModule.Application\AnalyticModule.Application.csproj", "{5069A9CB-6352-4E52-8956-DE0B44F82749}"
EndProject
Project("{FAE04EC0-301F-11D3-BF4B-00C04F79EFBC}") = "AnalyticModule.Infrastructure", "Modules\AnalyticModule\AnalyticModule.Infrastructure\AnalyticModule.Infrastructure.csproj", "{B6868374-7DA4-457A-8B2D-B1C29C8A11FD}"
EndProject
Project("{FAE04EC0-301F-11D3-BF4B-00C04F79EFBC}") = "AnalyticModule.Persistence", "Modules\AnalyticModule\AnalyticModule.Persistence\AnalyticModule.Persistence.csproj", "{9F7D56B2-EB25-4924-85DC-29D6123AE207}"
EndProject
Project("{FAE04EC0-301F-11D3-BF4B-00C04F79EFBC}") = "Shared.Contracts", "Shared\Shared.Contracts\Shared.Contracts.csproj", "{01FFD70A-4562-4B12-AAFB-9E2C7FD11076}"
EndProject
Project("{2150E333-8FDC-42A3-9474-1A3956D46DE8}") = "ReportModule", "ReportModule", "{0EA692D8-051E-4984-9A37-F2B2B0C545A7}"
EndProject
Project("{FAE04EC0-301F-11D3-BF4B-00C04F79EFBC}") = "ReportModule.Api", "Modules\ReportModule\ReportModule.Api\ReportModule.Api.csproj", "{518C6111-FEC3-4501-9F17-D172085A2F1C}"
EndProject
Project("{FAE04EC0-301F-11D3-BF4B-00C04F79EFBC}") = "ReportModule.Application", "Modules\ReportModule\ReportModule.Application\ReportModule.Application.csproj", "{8E4B1AF0-2684-4437-994F-11EF469AA04B}"
EndProject
Project("{FAE04EC0-301F-11D3-BF4B-00C04F79EFBC}") = "ReportModule.Contracts", "Modules\ReportModule\ReportModule.Contracts\ReportModule.Contracts.csproj", "{54B9CE06-E2A2-4432-8262-20FF9BEA9CBA}"
EndProject
Project("{FAE04EC0-301F-11D3-BF4B-00C04F79EFBC}") = "ReportModule.Domain", "Modules\ReportModule\ReportModule.Domain\ReportModule.Domain.csproj", "{184BFAC0-33EF-4A11-9224-80176BD25555}"
EndProject
Project("{FAE04EC0-301F-11D3-BF4B-00C04F79EFBC}") = "ReportModule.Infrastructure", "Modules\ReportModule\ReportModule.Infrastructure\ReportModule.Infrastructure.csproj", "{8947D4EB-8A79-4262-A56F-5BCCCA14C93A}"
EndProject
Project("{FAE04EC0-301F-11D3-BF4B-00C04F79EFBC}") = "ReportModule.Persistence", "Modules\ReportModule\ReportModule.Persistence\ReportModule.Persistence.csproj", "{F2BC8CED-0EDD-4A8A-B8C7-52F5D5A9D594}"
EndProject
Project("{2150E333-8FDC-42A3-9474-1A3956D46DE8}") = "QrModule", "QrModule", "{6EC379DE-9192-4127-81AA-831468E1CF49}"
EndProject
Project("{FAE04EC0-301F-11D3-BF4B-00C04F79EFBC}") = "QrModule.Api", "Modules\QrModule\QrModule.Api\QrModule.Api.csproj", "{8D9D7990-CBC7-4D39-868C-B98EB5034365}"
EndProject
Project("{FAE04EC0-301F-11D3-BF4B-00C04F79EFBC}") = "QrModule.Application", "Modules\QrModule\QrModule.Application\QrModule.Application.csproj", "{B629DB22-DC7E-40D5-8680-66F9783C91BA}"
EndProject
Project("{FAE04EC0-301F-11D3-BF4B-00C04F79EFBC}") = "QrModule.Infrastructure", "Modules\QrModule\QrModule.Infrastructure\QrModule.Infrastructure.csproj", "{024D7619-7E81-47A6-8644-4C51FD51A6E3}"
EndProject
Global
	GlobalSection(SolutionConfigurationPlatforms) = preSolution
		Debug|Any CPU = Debug|Any CPU
		Release|Any CPU = Release|Any CPU
	EndGlobalSection
	GlobalSection(ProjectConfigurationPlatforms) = postSolution
		{4E5B1B01-E1F9-45F9-8631-26CDB45C5122}.Debug|Any CPU.ActiveCfg = Debug|Any CPU
		{4E5B1B01-E1F9-45F9-8631-26CDB45C5122}.Debug|Any CPU.Build.0 = Debug|Any CPU
		{4E5B1B01-E1F9-45F9-8631-26CDB45C5122}.Release|Any CPU.ActiveCfg = Release|Any CPU
		{4E5B1B01-E1F9-45F9-8631-26CDB45C5122}.Release|Any CPU.Build.0 = Release|Any CPU
		{5F5C5FDC-CDDD-4B84-B515-4C49244D6517}.Debug|Any CPU.ActiveCfg = Debug|Any CPU
		{5F5C5FDC-CDDD-4B84-B515-4C49244D6517}.Debug|Any CPU.Build.0 = Debug|Any CPU
		{5F5C5FDC-CDDD-4B84-B515-4C49244D6517}.Release|Any CPU.ActiveCfg = Release|Any CPU
		{5F5C5FDC-CDDD-4B84-B515-4C49244D6517}.Release|Any CPU.Build.0 = Release|Any CPU
		{EBA5B5FB-0263-4569-B703-2604E3687A22}.Debug|Any CPU.ActiveCfg = Debug|Any CPU
		{EBA5B5FB-0263-4569-B703-2604E3687A22}.Debug|Any CPU.Build.0 = Debug|Any CPU
		{EBA5B5FB-0263-4569-B703-2604E3687A22}.Release|Any CPU.ActiveCfg = Release|Any CPU
		{EBA5B5FB-0263-4569-B703-2604E3687A22}.Release|Any CPU.Build.0 = Release|Any CPU
		{44C5170A-0A59-4A4F-BA5E-FA391149E7A4}.Debug|Any CPU.ActiveCfg = Debug|Any CPU
		{44C5170A-0A59-4A4F-BA5E-FA391149E7A4}.Debug|Any CPU.Build.0 = Debug|Any CPU
		{44C5170A-0A59-4A4F-BA5E-FA391149E7A4}.Release|Any CPU.ActiveCfg = Release|Any CPU
		{44C5170A-0A59-4A4F-BA5E-FA391149E7A4}.Release|Any CPU.Build.0 = Release|Any CPU
		{47B91F46-453F-40BB-8E83-0BA759D869D0}.Debug|Any CPU.ActiveCfg = Debug|Any CPU
		{47B91F46-453F-40BB-8E83-0BA759D869D0}.Debug|Any CPU.Build.0 = Debug|Any CPU
		{47B91F46-453F-40BB-8E83-0BA759D869D0}.Release|Any CPU.ActiveCfg = Release|Any CPU
		{47B91F46-453F-40BB-8E83-0BA759D869D0}.Release|Any CPU.Build.0 = Release|Any CPU
		{5B6ABCD0-6E25-4BDF-A37B-17A2773C7A9C}.Debug|Any CPU.ActiveCfg = Debug|Any CPU
		{5B6ABCD0-6E25-4BDF-A37B-17A2773C7A9C}.Debug|Any CPU.Build.0 = Debug|Any CPU
		{5B6ABCD0-6E25-4BDF-A37B-17A2773C7A9C}.Release|Any CPU.ActiveCfg = Release|Any CPU
		{5B6ABCD0-6E25-4BDF-A37B-17A2773C7A9C}.Release|Any CPU.Build.0 = Release|Any CPU
		{202E300B-CFF1-4DD3-8E93-1071249C064A}.Debug|Any CPU.ActiveCfg = Debug|Any CPU
		{202E300B-CFF1-4DD3-8E93-1071249C064A}.Debug|Any CPU.Build.0 = Debug|Any CPU
		{202E300B-CFF1-4DD3-8E93-1071249C064A}.Release|Any CPU.ActiveCfg = Release|Any CPU
		{202E300B-CFF1-4DD3-8E93-1071249C064A}.Release|Any CPU.Build.0 = Release|Any CPU
		{6826503A-3D60-49B0-898E-803E6AA042B4}.Debug|Any CPU.ActiveCfg = Debug|Any CPU
		{6826503A-3D60-49B0-898E-803E6AA042B4}.Debug|Any CPU.Build.0 = Debug|Any CPU
		{6826503A-3D60-49B0-898E-803E6AA042B4}.Release|Any CPU.ActiveCfg = Release|Any CPU
		{6826503A-3D60-49B0-898E-803E6AA042B4}.Release|Any CPU.Build.0 = Release|Any CPU
		{809447E0-96AB-4446-B579-4EE5D4201FA4}.Debug|Any CPU.ActiveCfg = Debug|Any CPU
		{809447E0-96AB-4446-B579-4EE5D4201FA4}.Debug|Any CPU.Build.0 = Debug|Any CPU
		{809447E0-96AB-4446-B579-4EE5D4201FA4}.Release|Any CPU.ActiveCfg = Release|Any CPU
		{809447E0-96AB-4446-B579-4EE5D4201FA4}.Release|Any CPU.Build.0 = Release|Any CPU
		{DC8AC9B6-75E5-4714-A6C0-811716CC8CF0}.Debug|Any CPU.ActiveCfg = Debug|Any CPU
		{DC8AC9B6-75E5-4714-A6C0-811716CC8CF0}.Debug|Any CPU.Build.0 = Debug|Any CPU
		{DC8AC9B6-75E5-4714-A6C0-811716CC8CF0}.Release|Any CPU.ActiveCfg = Release|Any CPU
		{DC8AC9B6-75E5-4714-A6C0-811716CC8CF0}.Release|Any CPU.Build.0 = Release|Any CPU
		{4C563773-A822-4945-91FC-77CBBFA19354}.Debug|Any CPU.ActiveCfg = Debug|Any CPU
		{4C563773-A822-4945-91FC-77CBBFA19354}.Debug|Any CPU.Build.0 = Debug|Any CPU
		{4C563773-A822-4945-91FC-77CBBFA19354}.Release|Any CPU.ActiveCfg = Release|Any CPU
		{4C563773-A822-4945-91FC-77CBBFA19354}.Release|Any CPU.Build.0 = Release|Any CPU
		{8E397EE5-2D82-465B-8F2A-E9E6EE7CF9D9}.Debug|Any CPU.ActiveCfg = Debug|Any CPU
		{8E397EE5-2D82-465B-8F2A-E9E6EE7CF9D9}.Debug|Any CPU.Build.0 = Debug|Any CPU
		{8E397EE5-2D82-465B-8F2A-E9E6EE7CF9D9}.Release|Any CPU.ActiveCfg = Release|Any CPU
		{8E397EE5-2D82-465B-8F2A-E9E6EE7CF9D9}.Release|Any CPU.Build.0 = Release|Any CPU
		{F7641F71-3D56-449E-BD8D-2A4E4332A43A}.Debug|Any CPU.ActiveCfg = Debug|Any CPU
		{F7641F71-3D56-449E-BD8D-2A4E4332A43A}.Debug|Any CPU.Build.0 = Debug|Any CPU
		{F7641F71-3D56-449E-BD8D-2A4E4332A43A}.Release|Any CPU.ActiveCfg = Release|Any CPU
		{F7641F71-3D56-449E-BD8D-2A4E4332A43A}.Release|Any CPU.Build.0 = Release|Any CPU
		{D4D32E9A-DD69-4C8F-8E7E-AC1839BE3C44}.Debug|Any CPU.ActiveCfg = Debug|Any CPU
		{D4D32E9A-DD69-4C8F-8E7E-AC1839BE3C44}.Debug|Any CPU.Build.0 = Debug|Any CPU
		{D4D32E9A-DD69-4C8F-8E7E-AC1839BE3C44}.Release|Any CPU.ActiveCfg = Release|Any CPU
		{D4D32E9A-DD69-4C8F-8E7E-AC1839BE3C44}.Release|Any CPU.Build.0 = Release|Any CPU
		{5069A9CB-6352-4E52-8956-DE0B44F82749}.Debug|Any CPU.ActiveCfg = Debug|Any CPU
		{5069A9CB-6352-4E52-8956-DE0B44F82749}.Debug|Any CPU.Build.0 = Debug|Any CPU
		{5069A9CB-6352-4E52-8956-DE0B44F82749}.Release|Any CPU.ActiveCfg = Release|Any CPU
		{5069A9CB-6352-4E52-8956-DE0B44F82749}.Release|Any CPU.Build.0 = Release|Any CPU
		{B6868374-7DA4-457A-8B2D-B1C29C8A11FD}.Debug|Any CPU.ActiveCfg = Debug|Any CPU
		{B6868374-7DA4-457A-8B2D-B1C29C8A11FD}.Debug|Any CPU.Build.0 = Debug|Any CPU
		{B6868374-7DA4-457A-8B2D-B1C29C8A11FD}.Release|Any CPU.ActiveCfg = Release|Any CPU
		{B6868374-7DA4-457A-8B2D-B1C29C8A11FD}.Release|Any CPU.Build.0 = Release|Any CPU
		{9F7D56B2-EB25-4924-85DC-29D6123AE207}.Debug|Any CPU.ActiveCfg = Debug|Any CPU
		{9F7D56B2-EB25-4924-85DC-29D6123AE207}.Debug|Any CPU.Build.0 = Debug|Any CPU
		{9F7D56B2-EB25-4924-85DC-29D6123AE207}.Release|Any CPU.ActiveCfg = Release|Any CPU
		{9F7D56B2-EB25-4924-85DC-29D6123AE207}.Release|Any CPU.Build.0 = Release|Any CPU
		{01FFD70A-4562-4B12-AAFB-9E2C7FD11076}.Debug|Any CPU.ActiveCfg = Debug|Any CPU
		{01FFD70A-4562-4B12-AAFB-9E2C7FD11076}.Debug|Any CPU.Build.0 = Debug|Any CPU
		{01FFD70A-4562-4B12-AAFB-9E2C7FD11076}.Release|Any CPU.ActiveCfg = Release|Any CPU
		{01FFD70A-4562-4B12-AAFB-9E2C7FD11076}.Release|Any CPU.Build.0 = Release|Any CPU
		{518C6111-FEC3-4501-9F17-D172085A2F1C}.Debug|Any CPU.ActiveCfg = Debug|Any CPU
		{518C6111-FEC3-4501-9F17-D172085A2F1C}.Debug|Any CPU.Build.0 = Debug|Any CPU
		{518C6111-FEC3-4501-9F17-D172085A2F1C}.Release|Any CPU.ActiveCfg = Release|Any CPU
		{518C6111-FEC3-4501-9F17-D172085A2F1C}.Release|Any CPU.Build.0 = Release|Any CPU
		{8E4B1AF0-2684-4437-994F-11EF469AA04B}.Debug|Any CPU.ActiveCfg = Debug|Any CPU
		{8E4B1AF0-2684-4437-994F-11EF469AA04B}.Debug|Any CPU.Build.0 = Debug|Any CPU
		{8E4B1AF0-2684-4437-994F-11EF469AA04B}.Release|Any CPU.ActiveCfg = Release|Any CPU
		{8E4B1AF0-2684-4437-994F-11EF469AA04B}.Release|Any CPU.Build.0 = Release|Any CPU
		{54B9CE06-E2A2-4432-8262-20FF9BEA9CBA}.Debug|Any CPU.ActiveCfg = Debug|Any CPU
		{54B9CE06-E2A2-4432-8262-20FF9BEA9CBA}.Debug|Any CPU.Build.0 = Debug|Any CPU
		{54B9CE06-E2A2-4432-8262-20FF9BEA9CBA}.Release|Any CPU.ActiveCfg = Release|Any CPU
		{54B9CE06-E2A2-4432-8262-20FF9BEA9CBA}.Release|Any CPU.Build.0 = Release|Any CPU
		{184BFAC0-33EF-4A11-9224-80176BD25555}.Debug|Any CPU.ActiveCfg = Debug|Any CPU
		{184BFAC0-33EF-4A11-9224-80176BD25555}.Debug|Any CPU.Build.0 = Debug|Any CPU
		{184BFAC0-33EF-4A11-9224-80176BD25555}.Release|Any CPU.ActiveCfg = Release|Any CPU
		{184BFAC0-33EF-4A11-9224-80176BD25555}.Release|Any CPU.Build.0 = Release|Any CPU
		{8947D4EB-8A79-4262-A56F-5BCCCA14C93A}.Debug|Any CPU.ActiveCfg = Debug|Any CPU
		{8947D4EB-8A79-4262-A56F-5BCCCA14C93A}.Debug|Any CPU.Build.0 = Debug|Any CPU
		{8947D4EB-8A79-4262-A56F-5BCCCA14C93A}.Release|Any CPU.ActiveCfg = Release|Any CPU
		{8947D4EB-8A79-4262-A56F-5BCCCA14C93A}.Release|Any CPU.Build.0 = Release|Any CPU
		{F2BC8CED-0EDD-4A8A-B8C7-52F5D5A9D594}.Debug|Any CPU.ActiveCfg = Debug|Any CPU
		{F2BC8CED-0EDD-4A8A-B8C7-52F5D5A9D594}.Debug|Any CPU.Build.0 = Debug|Any CPU
		{F2BC8CED-0EDD-4A8A-B8C7-52F5D5A9D594}.Release|Any CPU.ActiveCfg = Release|Any CPU
		{F2BC8CED-0EDD-4A8A-B8C7-52F5D5A9D594}.Release|Any CPU.Build.0 = Release|Any CPU
		{8D9D7990-CBC7-4D39-868C-B98EB5034365}.Debug|Any CPU.ActiveCfg = Debug|Any CPU
		{8D9D7990-CBC7-4D39-868C-B98EB5034365}.Debug|Any CPU.Build.0 = Debug|Any CPU
		{8D9D7990-CBC7-4D39-868C-B98EB5034365}.Release|Any CPU.ActiveCfg = Release|Any CPU
		{8D9D7990-CBC7-4D39-868C-B98EB5034365}.Release|Any CPU.Build.0 = Release|Any CPU
		{B629DB22-DC7E-40D5-8680-66F9783C91BA}.Debug|Any CPU.ActiveCfg = Debug|Any CPU
		{B629DB22-DC7E-40D5-8680-66F9783C91BA}.Debug|Any CPU.Build.0 = Debug|Any CPU
		{B629DB22-DC7E-40D5-8680-66F9783C91BA}.Release|Any CPU.ActiveCfg = Release|Any CPU
		{B629DB22-DC7E-40D5-8680-66F9783C91BA}.Release|Any CPU.Build.0 = Release|Any CPU
		{024D7619-7E81-47A6-8644-4C51FD51A6E3}.Debug|Any CPU.ActiveCfg = Debug|Any CPU
		{024D7619-7E81-47A6-8644-4C51FD51A6E3}.Debug|Any CPU.Build.0 = Debug|Any CPU
		{024D7619-7E81-47A6-8644-4C51FD51A6E3}.Release|Any CPU.ActiveCfg = Release|Any CPU
		{024D7619-7E81-47A6-8644-4C51FD51A6E3}.Release|Any CPU.Build.0 = Release|Any CPU
	EndGlobalSection
	GlobalSection(NestedProjects) = preSolution
		{7C38FEAB-B80C-411F-8755-04A60D8B0F04} = {82CC0875-2C69-446B-B629-EA21DBF891E8}
		{5F5C5FDC-CDDD-4B84-B515-4C49244D6517} = {7C38FEAB-B80C-411F-8755-04A60D8B0F04}
		{EBA5B5FB-0263-4569-B703-2604E3687A22} = {7C38FEAB-B80C-411F-8755-04A60D8B0F04}
		{44C5170A-0A59-4A4F-BA5E-FA391149E7A4} = {7C38FEAB-B80C-411F-8755-04A60D8B0F04}
		{47B91F46-453F-40BB-8E83-0BA759D869D0} = {7C38FEAB-B80C-411F-8755-04A60D8B0F04}
		{5B6ABCD0-6E25-4BDF-A37B-17A2773C7A9C} = {93D4ED82-D555-49A5-A50E-2C938B19426B}
		{202E300B-CFF1-4DD3-8E93-1071249C064A} = {7C38FEAB-B80C-411F-8755-04A60D8B0F04}
		{6826503A-3D60-49B0-898E-803E6AA042B4} = {93D4ED82-D555-49A5-A50E-2C938B19426B}
		{809447E0-96AB-4446-B579-4EE5D4201FA4} = {93D4ED82-D555-49A5-A50E-2C938B19426B}
		{DC8AC9B6-75E5-4714-A6C0-811716CC8CF0} = {93D4ED82-D555-49A5-A50E-2C938B19426B}
		{4C563773-A822-4945-91FC-77CBBFA19354} = {7C38FEAB-B80C-411F-8755-04A60D8B0F04}
		{8E397EE5-2D82-465B-8F2A-E9E6EE7CF9D9} = {93D4ED82-D555-49A5-A50E-2C938B19426B}
		{EE1BCC9A-FFF0-4499-9476-1BCE6AEE75B2} = {82CC0875-2C69-446B-B629-EA21DBF891E8}
		{F7641F71-3D56-449E-BD8D-2A4E4332A43A} = {EE1BCC9A-FFF0-4499-9476-1BCE6AEE75B2}
		{D4D32E9A-DD69-4C8F-8E7E-AC1839BE3C44} = {EE1BCC9A-FFF0-4499-9476-1BCE6AEE75B2}
		{5069A9CB-6352-4E52-8956-DE0B44F82749} = {EE1BCC9A-FFF0-4499-9476-1BCE6AEE75B2}
		{B6868374-7DA4-457A-8B2D-B1C29C8A11FD} = {EE1BCC9A-FFF0-4499-9476-1BCE6AEE75B2}
		{9F7D56B2-EB25-4924-85DC-29D6123AE207} = {EE1BCC9A-FFF0-4499-9476-1BCE6AEE75B2}
		{01FFD70A-4562-4B12-AAFB-9E2C7FD11076} = {93D4ED82-D555-49A5-A50E-2C938B19426B}
		{0EA692D8-051E-4984-9A37-F2B2B0C545A7} = {82CC0875-2C69-446B-B629-EA21DBF891E8}
		{518C6111-FEC3-4501-9F17-D172085A2F1C} = {0EA692D8-051E-4984-9A37-F2B2B0C545A7}
		{8E4B1AF0-2684-4437-994F-11EF469AA04B} = {0EA692D8-051E-4984-9A37-F2B2B0C545A7}
		{54B9CE06-E2A2-4432-8262-20FF9BEA9CBA} = {0EA692D8-051E-4984-9A37-F2B2B0C545A7}
		{184BFAC0-33EF-4A11-9224-80176BD25555} = {0EA692D8-051E-4984-9A37-F2B2B0C545A7}
		{8947D4EB-8A79-4262-A56F-5BCCCA14C93A} = {0EA692D8-051E-4984-9A37-F2B2B0C545A7}
		{F2BC8CED-0EDD-4A8A-B8C7-52F5D5A9D594} = {0EA692D8-051E-4984-9A37-F2B2B0C545A7}
		{6EC379DE-9192-4127-81AA-831468E1CF49} = {82CC0875-2C69-446B-B629-EA21DBF891E8}
		{8D9D7990-CBC7-4D39-868C-B98EB5034365} = {6EC379DE-9192-4127-81AA-831468E1CF49}
		{B629DB22-DC7E-40D5-8680-66F9783C91BA} = {6EC379DE-9192-4127-81AA-831468E1CF49}
		{024D7619-7E81-47A6-8644-4C51FD51A6E3} = {6EC379DE-9192-4127-81AA-831468E1CF49}
	EndGlobalSection
EndGlobal
